
Microsoft Visual Studio Solution File, Format Version 12.00
# Visual Studio Version 17
VisualStudioVersion = 17.13.35931.197 d17.13
MinimumVisualStudioVersion = 10.0.40219.1
Project("{FAE04EC0-301F-11D3-BF4B-00C04F79EFBC}") = "BareByte", "scr\BareByte\BareByte.csproj", "{9B401E72-57BA-44BE-A07D-EF603D532E42}"
EndProject
Project("{2150E333-8FDC-42A3-9474-1A3956D46DE8}") = "samples", "samples", "{E729BF4D-876F-4816-B0AB-450CBB390E51}"
EndProject
Project("{FAE04EC0-301F-11D3-BF4B-00C04F79EFBC}") = "BareByteDemo", "Samples\BareByteDemo\BareByteDemo.csproj", "{4DCD5F8A-D888-4322-A985-D0720D78424B}"
EndProject
Global
	GlobalSection(SolutionConfigurationPlatforms) = preSolution
		Debug|Any CPU = Debug|Any CPU
		Release|Any CPU = Release|Any CPU
	EndGlobalSection
	GlobalSection(ProjectConfigurationPlatforms) = postSolution
		{9B401E72-57BA-44BE-A07D-EF603D532E42}.Debug|Any CPU.ActiveCfg = Debug|Any CPU
		{9B401E72-57BA-44BE-A07D-EF603D532E42}.Debug|Any CPU.Build.0 = Debug|Any CPU
		{9B401E72-57BA-44BE-A07D-EF603D532E42}.Release|Any CPU.ActiveCfg = Release|Any CPU
		{9B401E72-57BA-44BE-A07D-EF603D532E42}.Release|Any CPU.Build.0 = Release|Any CPU
		{4DCD5F8A-D888-4322-A985-D0720D78424B}.Debug|Any CPU.ActiveCfg = Debug|Any CPU
		{4DCD5F8A-D888-4322-A985-D0720D78424B}.Debug|Any CPU.Build.0 = Debug|Any CPU
		{4DCD5F8A-D888-4322-A985-D0720D78424B}.Release|Any CPU.ActiveCfg = Release|Any CPU
		{4DCD5F8A-D888-4322-A985-D0720D78424B}.Release|Any CPU.Build.0 = Release|Any CPU
	EndGlobalSection
	GlobalSection(SolutionProperties) = preSolution
		HideSolutionNode = FALSE
	EndGlobalSection
	GlobalSection(NestedProjects) = preSolution
		{4DCD5F8A-D888-4322-A985-D0720D78424B} = {E729BF4D-876F-4816-B0AB-450CBB390E51}
	EndGlobalSection
	GlobalSection(ExtensibilityGlobals) = postSolution
		SolutionGuid = {F1A60BDE-4D24-4551-BCD6-546677427931}
	EndGlobalSection
EndGlobal
